// !$*UTF8*$!
{
	archiveVersion = 1;
	classes = {
	};
	objectVersion = 48;
	objects = {

/* Begin PBXBuildFile section */
		A5397D9420038A9F00C5993D /* AppDelegate.m in Sources */ = {isa = PBXBuildFile; fileRef = A5397D9320038A9F00C5993D /* AppDelegate.m */; };
		A5397D9A20038A9F00C5993D /* Main.storyboard in Resources */ = {isa = PBXBuildFile; fileRef = A5397D9820038A9F00C5993D /* Main.storyboard */; };
		A5397D9C20038A9F00C5993D /* Assets.xcassets in Resources */ = {isa = PBXBuildFile; fileRef = A5397D9B20038A9F00C5993D /* Assets.xcassets */; };
		A5397D9F20038A9F00C5993D /* LaunchScreen.storyboard in Resources */ = {isa = PBXBuildFile; fileRef = A5397D9D20038A9F00C5993D /* LaunchScreen.storyboard */; };
		A5397DA220038A9F00C5993D /* main.m in Sources */ = {isa = PBXBuildFile; fileRef = A5397DA120038A9F00C5993D /* main.m */; };
		A5397DAA20038FFA00C5993D /* RDFirstTableViewController.m in Sources */ = {isa = PBXBuildFile; fileRef = A5397DA920038FFA00C5993D /* RDFirstTableViewController.m */; };
		A5397DAD2003900600C5993D /* RDSecondTableViewController.m in Sources */ = {isa = PBXBuildFile; fileRef = A5397DAC2003900600C5993D /* RDSecondTableViewController.m */; };
		A5397DB02003901000C5993D /* RDThirdTableViewController.m in Sources */ = {isa = PBXBuildFile; fileRef = A5397DAF2003901000C5993D /* RDThirdTableViewController.m */; };
		A55709E22003AF5F005E8D41 /* RDImageTableViewCell.m in Sources */ = {isa = PBXBuildFile; fileRef = A55709E12003AF5F005E8D41 /* RDImageTableViewCell.m */; };
		A55709E52003BAE5005E8D41 /* RDRotableView.m in Sources */ = {isa = PBXBuildFile; fileRef = A55709E42003BAE5005E8D41 /* RDRotableView.m */; };
		A79F17119860273F118E338C /* libPods-RotationDemo.a in Frameworks */ = {isa = PBXBuildFile; fileRef = 00B9A0CCBF278071C92E044C /* libPods-RotationDemo.a */; };
/* End PBXBuildFile section */

/* Begin PBXFileReference section */
		00B9A0CCBF278071C92E044C /* libPods-RotationDemo.a */ = {isa = PBXFileReference; explicitFileType = archive.ar; includeInIndex = 0; path = "libPods-RotationDemo.a"; sourceTree = BUILT_PRODUCTS_DIR; };
		A5397D8F20038A9F00C5993D /* RotationDemo.app */ = {isa = PBXFileReference; explicitFileType = wrapper.application; includeInIndex = 0; path = RotationDemo.app; sourceTree = BUILT_PRODUCTS_DIR; };
		A5397D9220038A9F00C5993D /* AppDelegate.h */ = {isa = PBXFileReference; lastKnownFileType = sourcecode.c.h; path = AppDelegate.h; sourceTree = "<group>"; };
		A5397D9320038A9F00C5993D /* AppDelegate.m */ = {isa = PBXFileReference; lastKnownFileType = sourcecode.c.objc; path = AppDelegate.m; sourceTree = "<group>"; };
		A5397D9920038A9F00C5993D /* Base */ = {isa = PBXFileReference; lastKnownFileType = file.storyboard; name = Base; path = Base.lproj/Main.storyboard; sourceTree = "<group>"; };
		A5397D9B20038A9F00C5993D /* Assets.xcassets */ = {isa = PBXFileReference; lastKnownFileType = folder.assetcatalog; path = Assets.xcassets; sourceTree = "<group>"; };
		A5397D9E20038A9F00C5993D /* Base */ = {isa = PBXFileReference; lastKnownFileType = file.storyboard; name = Base; path = Base.lproj/LaunchScreen.storyboard; sourceTree = "<group>"; };
		A5397DA020038A9F00C5993D /* Info.plist */ = {isa = PBXFileReference; lastKnownFileType = text.plist.xml; path = Info.plist; sourceTree = "<group>"; };
		A5397DA120038A9F00C5993D /* main.m */ = {isa = PBXFileReference; lastKnownFileType = sourcecode.c.objc; path = main.m; sourceTree = "<group>"; };
		A5397DA820038FFA00C5993D /* RDFirstTableViewController.h */ = {isa = PBXFileReference; lastKnownFileType = sourcecode.c.h; path = RDFirstTableViewController.h; sourceTree = "<group>"; };
		A5397DA920038FFA00C5993D /* RDFirstTableViewController.m */ = {isa = PBXFileReference; lastKnownFileType = sourcecode.c.objc; path = RDFirstTableViewController.m; sourceTree = "<group>"; };
		A5397DAB2003900600C5993D /* RDSecondTableViewController.h */ = {isa = PBXFileReference; lastKnownFileType = sourcecode.c.h; path = RDSecondTableViewController.h; sourceTree = "<group>"; };
		A5397DAC2003900600C5993D /* RDSecondTableViewController.m */ = {isa = PBXFileReference; lastKnownFileType = sourcecode.c.objc; path = RDSecondTableViewController.m; sourceTree = "<group>"; };
		A5397DAE2003901000C5993D /* RDThirdTableViewController.h */ = {isa = PBXFileReference; lastKnownFileType = sourcecode.c.h; path = RDThirdTableViewController.h; sourceTree = "<group>"; };
		A5397DAF2003901000C5993D /* RDThirdTableViewController.m */ = {isa = PBXFileReference; lastKnownFileType = sourcecode.c.objc; path = RDThirdTableViewController.m; sourceTree = "<group>"; };
		A55709DF2003ADB5005E8D41 /* PrefixHeader.pch */ = {isa = PBXFileReference; lastKnownFileType = sourcecode.c.h; path = PrefixHeader.pch; sourceTree = "<group>"; };
		A55709E02003AF5F005E8D41 /* RDImageTableViewCell.h */ = {isa = PBXFileReference; lastKnownFileType = sourcecode.c.h; path = RDImageTableViewCell.h; sourceTree = "<group>"; };
		A55709E12003AF5F005E8D41 /* RDImageTableViewCell.m */ = {isa = PBXFileReference; lastKnownFileType = sourcecode.c.objc; path = RDImageTableViewCell.m; sourceTree = "<group>"; };
		A55709E32003BAE5005E8D41 /* RDRotableView.h */ = {isa = PBXFileReference; lastKnownFileType = sourcecode.c.h; path = RDRotableView.h; sourceTree = "<group>"; };
		A55709E42003BAE5005E8D41 /* RDRotableView.m */ = {isa = PBXFileReference; lastKnownFileType = sourcecode.c.objc; path = RDRotableView.m; sourceTree = "<group>"; };
		E018D6BA253DDFE29FD57E64 /* Pods-RotationDemo.release.xcconfig */ = {isa = PBXFileReference; includeInIndex = 1; lastKnownFileType = text.xcconfig; name = "Pods-RotationDemo.release.xcconfig"; path = "Pods/Target Support Files/Pods-RotationDemo/Pods-RotationDemo.release.xcconfig"; sourceTree = "<group>"; };
		FD43CA5E322D33B3D2E2BE21 /* Pods-RotationDemo.debug.xcconfig */ = {isa = PBXFileReference; includeInIndex = 1; lastKnownFileType = text.xcconfig; name = "Pods-RotationDemo.debug.xcconfig"; path = "Pods/Target Support Files/Pods-RotationDemo/Pods-RotationDemo.debug.xcconfig"; sourceTree = "<group>"; };
/* End PBXFileReference section */

/* Begin PBXFrameworksBuildPhase section */
		A5397D8C20038A9F00C5993D /* Frameworks */ = {
			isa = PBXFrameworksBuildPhase;
			buildActionMask = 2147483647;
			files = (
				A79F17119860273F118E338C /* libPods-RotationDemo.a in Frameworks */,
			);
			runOnlyForDeploymentPostprocessing = 0;
		};
/* End PBXFrameworksBuildPhase section */

/* Begin PBXGroup section */
		47A834D42F15B50F76C6A511 /* Frameworks */ = {
			isa = PBXGroup;
			children = (
				00B9A0CCBF278071C92E044C /* libPods-RotationDemo.a */,
			);
			name = Frameworks;
			sourceTree = "<group>";
		};
		A5397D8620038A9F00C5993D = {
			isa = PBXGroup;
			children = (
				A5397D9120038A9F00C5993D /* RotationDemo */,
				A5397D9020038A9F00C5993D /* Products */,
				DC8DF1903A28DCA446CFE40D /* Pods */,
				47A834D42F15B50F76C6A511 /* Frameworks */,
			);
			sourceTree = "<group>";
		};
		A5397D9020038A9F00C5993D /* Products */ = {
			isa = PBXGroup;
			children = (
				A5397D8F20038A9F00C5993D /* RotationDemo.app */,
			);
			name = Products;
			sourceTree = "<group>";
		};
		A5397D9120038A9F00C5993D /* RotationDemo */ = {
			isa = PBXGroup;
			children = (
				A5397D9220038A9F00C5993D /* AppDelegate.h */,
				A5397D9320038A9F00C5993D /* AppDelegate.m */,
				A55709E02003AF5F005E8D41 /* RDImageTableViewCell.h */,
				A55709E12003AF5F005E8D41 /* RDImageTableViewCell.m */,
				A55709E62003BAF4005E8D41 /* ViewController rotation */,
				A55709E72003BB2D005E8D41 /* View rotation */,
				A55709E82003BB43005E8D41 /* Size classes rotation */,
				A5397D9820038A9F00C5993D /* Main.storyboard */,
				A5397D9B20038A9F00C5993D /* Assets.xcassets */,
				A5397D9D20038A9F00C5993D /* LaunchScreen.storyboard */,
				A5397DA020038A9F00C5993D /* Info.plist */,
				A5397DA120038A9F00C5993D /* main.m */,
				A55709DF2003ADB5005E8D41 /* PrefixHeader.pch */,
			);
			path = RotationDemo;
			sourceTree = "<group>";
		};
		A55709E62003BAF4005E8D41 /* ViewController rotation */ = {
			isa = PBXGroup;
			children = (
				A5397DA820038FFA00C5993D /* RDFirstTableViewController.h */,
				A5397DA920038FFA00C5993D /* RDFirstTableViewController.m */,
			);
			path = "ViewController rotation";
			sourceTree = "<group>";
		};
		A55709E72003BB2D005E8D41 /* View rotation */ = {
			isa = PBXGroup;
			children = (
				A55709E32003BAE5005E8D41 /* RDRotableView.h */,
				A55709E42003BAE5005E8D41 /* RDRotableView.m */,
				A5397DAB2003900600C5993D /* RDSecondTableViewController.h */,
				A5397DAC2003900600C5993D /* RDSecondTableViewController.m */,
			);
			path = "View rotation";
			sourceTree = "<group>";
		};
		A55709E82003BB43005E8D41 /* Size classes rotation */ = {
			isa = PBXGroup;
			children = (
				A5397DAE2003901000C5993D /* RDThirdTableViewController.h */,
				A5397DAF2003901000C5993D /* RDThirdTableViewController.m */,
			);
			path = "Size classes rotation";
			sourceTree = "<group>";
		};
		DC8DF1903A28DCA446CFE40D /* Pods */ = {
			isa = PBXGroup;
			children = (
				FD43CA5E322D33B3D2E2BE21 /* Pods-RotationDemo.debug.xcconfig */,
				E018D6BA253DDFE29FD57E64 /* Pods-RotationDemo.release.xcconfig */,
			);
			name = Pods;
			sourceTree = "<group>";
		};
/* End PBXGroup section */

/* Begin PBXNativeTarget section */
		A5397D8E20038A9F00C5993D /* RotationDemo */ = {
			isa = PBXNativeTarget;
			buildConfigurationList = A5397DA520038A9F00C5993D /* Build configuration list for PBXNativeTarget "RotationDemo" */;
			buildPhases = (
				E4BDC7DD9404FFB0966332A8 /* [CP] Check Pods Manifest.lock */,
				A5397D8B20038A9F00C5993D /* Sources */,
				A5397D8C20038A9F00C5993D /* Frameworks */,
				A5397D8D20038A9F00C5993D /* Resources */,
				1C47C9DC46BA6313006C2719 /* [CP] Embed Pods Frameworks */,
				8E1491B333D001349744339E /* [CP] Copy Pods Resources */,
			);
			buildRules = (
			);
			dependencies = (
			);
			name = RotationDemo;
			productName = RotationDemo;
			productReference = A5397D8F20038A9F00C5993D /* RotationDemo.app */;
			productType = "com.apple.product-type.application";
		};
/* End PBXNativeTarget section */

/* Begin PBXProject section */
		A5397D8720038A9F00C5993D /* Project object */ = {
			isa = PBXProject;
			attributes = {
				LastUpgradeCheck = 0920;
				ORGANIZATIONNAME = zesming;
				TargetAttributes = {
					A5397D8E20038A9F00C5993D = {
						CreatedOnToolsVersion = 9.2;
						ProvisioningStyle = Automatic;
					};
				};
			};
			buildConfigurationList = A5397D8A20038A9F00C5993D /* Build configuration list for PBXProject "RotationDemo" */;
			compatibilityVersion = "Xcode 8.0";
			developmentRegion = en;
			hasScannedForEncodings = 0;
			knownRegions = (
				en,
				Base,
			);
			mainGroup = A5397D8620038A9F00C5993D;
			productRefGroup = A5397D9020038A9F00C5993D /* Products */;
			projectDirPath = "";
			projectRoot = "";
			targets = (
				A5397D8E20038A9F00C5993D /* RotationDemo */,
			);
		};
/* End PBXProject section */

/* Begin PBXResourcesBuildPhase section */
		A5397D8D20038A9F00C5993D /* Resources */ = {
			isa = PBXResourcesBuildPhase;
			buildActionMask = 2147483647;
			files = (
				A5397D9F20038A9F00C5993D /* LaunchScreen.storyboard in Resources */,
				A5397D9C20038A9F00C5993D /* Assets.xcassets in Resources */,
				A5397D9A20038A9F00C5993D /* Main.storyboard in Resources */,
			);
			runOnlyForDeploymentPostprocessing = 0;
		};
/* End PBXResourcesBuildPhase section */

/* Begin PBXShellScriptBuildPhase section */
		1C47C9DC46BA6313006C2719 /* [CP] Embed Pods Frameworks */ = {
			isa = PBXShellScriptBuildPhase;
			buildActionMask = 2147483647;
			files = (
			);
			inputPaths = (
			);
			name = "[CP] Embed Pods Frameworks";
			outputPaths = (
			);
			runOnlyForDeploymentPostprocessing = 0;
			shellPath = /bin/sh;
			shellScript = "\"${SRCROOT}/Pods/Target Support Files/Pods-RotationDemo/Pods-RotationDemo-frameworks.sh\"\n";
			showEnvVarsInLog = 0;
		};
		8E1491B333D001349744339E /* [CP] Copy Pods Resources */ = {
			isa = PBXShellScriptBuildPhase;
			buildActionMask = 2147483647;
			files = (
			);
			inputPaths = (
			);
			name = "[CP] Copy Pods Resources";
			outputPaths = (
			);
			runOnlyForDeploymentPostprocessing = 0;
			shellPath = /bin/sh;
			shellScript = "\"${SRCROOT}/Pods/Target Support Files/Pods-RotationDemo/Pods-RotationDemo-resources.sh\"\n";
			showEnvVarsInLog = 0;
		};
		E4BDC7DD9404FFB0966332A8 /* [CP] Check Pods Manifest.lock */ = {
			isa = PBXShellScriptBuildPhase;
			buildActionMask = 2147483647;
			files = (
			);
			inputPaths = (
				"${PODS_PODFILE_DIR_PATH}/Podfile.lock",
				"${PODS_ROOT}/Manifest.lock",
			);
			name = "[CP] Check Pods Manifest.lock";
			outputPaths = (
				"$(DERIVED_FILE_DIR)/Pods-RotationDemo-checkManifestLockResult.txt",
			);
			runOnlyForDeploymentPostprocessing = 0;
			shellPath = /bin/sh;
			shellScript = "diff \"${PODS_PODFILE_DIR_PATH}/Podfile.lock\" \"${PODS_ROOT}/Manifest.lock\" > /dev/null\nif [ $? != 0 ] ; then\n    # print error to STDERR\n    echo \"error: The sandbox is not in sync with the Podfile.lock. Run 'pod install' or update your CocoaPods installation.\" >&2\n    exit 1\nfi\n# This output is used by Xcode 'outputs' to avoid re-running this script phase.\necho \"SUCCESS\" > \"${SCRIPT_OUTPUT_FILE_0}\"\n";
			showEnvVarsInLog = 0;
		};
/* End PBXShellScriptBuildPhase section */

/* Begin PBXSourcesBuildPhase section */
		A5397D8B20038A9F00C5993D /* Sources */ = {
			isa = PBXSourcesBuildPhase;
			buildActionMask = 2147483647;
			files = (
				A5397DA220038A9F00C5993D /* main.m in Sources */,
				A5397DB02003901000C5993D /* RDThirdTableViewController.m in Sources */,
				A5397DAD2003900600C5993D /* RDSecondTableViewController.m in Sources */,
				A55709E22003AF5F005E8D41 /* RDImageTableViewCell.m in Sources */,
				A55709E52003BAE5005E8D41 /* RDRotableView.m in Sources */,
				A5397DAA20038FFA00C5993D /* RDFirstTableViewController.m in Sources */,
				A5397D9420038A9F00C5993D /* AppDelegate.m in Sources */,
			);
			runOnlyForDeploymentPostprocessing = 0;
		};
/* End PBXSourcesBuildPhase section */

/* Begin PBXVariantGroup section */
		A5397D9820038A9F00C5993D /* Main.storyboard */ = {
			isa = PBXVariantGroup;
			children = (
				A5397D9920038A9F00C5993D /* Base */,
			);
			name = Main.storyboard;
			sourceTree = "<group>";
		};
		A5397D9D20038A9F00C5993D /* LaunchScreen.storyboard */ = {
			isa = PBXVariantGroup;
			children = (
				A5397D9E20038A9F00C5993D /* Base */,
			);
			name = LaunchScreen.storyboard;
			sourceTree = "<group>";
		};
/* End PBXVariantGroup section */

/* Begin XCBuildConfiguration section */
		A5397DA320038A9F00C5993D /* Debug */ = {
			isa = XCBuildConfiguration;
			buildSettings = {
				ALWAYS_SEARCH_USER_PATHS = NO;
				CLANG_ANALYZER_NONNULL = YES;
				CLANG_ANALYZER_NUMBER_OBJECT_CONVERSION = YES_AGGRESSIVE;
				CLANG_CXX_LANGUAGE_STANDARD = "gnu++14";
				CLANG_CXX_LIBRARY = "libc++";
				CLANG_ENABLE_MODULES = YES;
				CLANG_ENABLE_OBJC_ARC = YES;
				CLANG_WARN_BLOCK_CAPTURE_AUTORELEASING = YES;
				CLANG_WARN_BOOL_CONVERSION = YES;
				CLANG_WARN_COMMA = YES;
				CLANG_WARN_CONSTANT_CONVERSION = YES;
				CLANG_WARN_DIRECT_OBJC_ISA_USAGE = YES_ERROR;
				CLANG_WARN_DOCUMENTATION_COMMENTS = YES;
				CLANG_WARN_EMPTY_BODY = YES;
				CLANG_WARN_ENUM_CONVERSION = YES;
				CLANG_WARN_INFINITE_RECURSION = YES;
				CLANG_WARN_INT_CONVERSION = YES;
				CLANG_WARN_NON_LITERAL_NULL_CONVERSION = YES;
				CLANG_WARN_OBJC_LITERAL_CONVERSION = YES;
				CLANG_WARN_OBJC_ROOT_CLASS = YES_ERROR;
				CLANG_WARN_RANGE_LOOP_ANALYSIS = YES;
				CLANG_WARN_STRICT_PROTOTYPES = YES;
				CLANG_WARN_SUSPICIOUS_MOVE = YES;
				CLANG_WARN_UNGUARDED_AVAILABILITY = YES_AGGRESSIVE;
				CLANG_WARN_UNREACHABLE_CODE = YES;
				CLANG_WARN__DUPLICATE_METHOD_MATCH = YES;
				CODE_SIGN_IDENTITY = "iPhone Developer";
				COPY_PHASE_STRIP = NO;
				DEBUG_INFORMATION_FORMAT = dwarf;
				ENABLE_STRICT_OBJC_MSGSEND = YES;
				ENABLE_TESTABILITY = YES;
				GCC_C_LANGUAGE_STANDARD = gnu11;
				GCC_DYNAMIC_NO_PIC = NO;
				GCC_NO_COMMON_BLOCKS = YES;
				GCC_OPTIMIZATION_LEVEL = 0;
				GCC_PREPROCESSOR_DEFINITIONS = (
					"DEBUG=1",
					"$(inherited)",
				);
				GCC_WARN_64_TO_32_BIT_CONVERSION = YES;
				GCC_WARN_ABOUT_RETURN_TYPE = YES_ERROR;
				GCC_WARN_UNDECLARED_SELECTOR = YES;
				GCC_WARN_UNINITIALIZED_AUTOS = YES_AGGRESSIVE;
				GCC_WARN_UNUSED_FUNCTION = YES;
				GCC_WARN_UNUSED_VARIABLE = YES;
				IPHONEOS_DEPLOYMENT_TARGET = 11.2;
				MTL_ENABLE_DEBUG_INFO = YES;
				ONLY_ACTIVE_ARCH = YES;
				SDKROOT = iphoneos;
			};
			name = Debug;
		};
		A5397DA420038A9F00C5993D /* Release */ = {
			isa = XCBuildConfiguration;
			buildSettings = {
				ALWAYS_SEARCH_USER_PATHS = NO;
				CLANG_ANALYZER_NONNULL = YES;
				CLANG_ANALYZER_NUMBER_OBJECT_CONVERSION = YES_AGGRESSIVE;
				CLANG_CXX_LANGUAGE_STANDARD = "gnu++14";
				CLANG_CXX_LIBRARY = "libc++";
				CLANG_ENABLE_MODULES = YES;
				CLANG_ENABLE_OBJC_ARC = YES;
				CLANG_WARN_BLOCK_CAPTURE_AUTORELEASING = YES;
				CLANG_WARN_BOOL_CONVERSION = YES;
				CLANG_WARN_COMMA = YES;
				CLANG_WARN_CONSTANT_CONVERSION = YES;
				CLANG_WARN_DIRECT_OBJC_ISA_USAGE = YES_ERROR;
				CLANG_WARN_DOCUMENTATION_COMMENTS = YES;
				CLANG_WARN_EMPTY_BODY = YES;
				CLANG_WARN_ENUM_CONVERSION = YES;
				CLANG_WARN_INFINITE_RECURSION = YES;
				CLANG_WARN_INT_CONVERSION = YES;
				CLANG_WARN_NON_LITERAL_NULL_CONVERSION = YES;
				CLANG_WARN_OBJC_LITERAL_CONVERSION = YES;
				CLANG_WARN_OBJC_ROOT_CLASS = YES_ERROR;
				CLANG_WARN_RANGE_LOOP_ANALYSIS = YES;
				CLANG_WARN_STRICT_PROTOTYPES = YES;
				CLANG_WARN_SUSPICIOUS_MOVE = YES;
				CLANG_WARN_UNGUARDED_AVAILABILITY = YES_AGGRESSIVE;
				CLANG_WARN_UNREACHABLE_CODE = YES;
				CLANG_WARN__DUPLICATE_METHOD_MATCH = YES;
				CODE_SIGN_IDENTITY = "iPhone Developer";
				COPY_PHASE_STRIP = NO;
				DEBUG_INFORMATION_FORMAT = "dwarf-with-dsym";
				ENABLE_NS_ASSERTIONS = NO;
				ENABLE_STRICT_OBJC_MSGSEND = YES;
				GCC_C_LANGUAGE_STANDARD = gnu11;
				GCC_NO_COMMON_BLOCKS = YES;
				GCC_WARN_64_TO_32_BIT_CONVERSION = YES;
				GCC_WARN_ABOUT_RETURN_TYPE = YES_ERROR;
				GCC_WARN_UNDECLARED_SELECTOR = YES;
				GCC_WARN_UNINITIALIZED_AUTOS = YES_AGGRESSIVE;
				GCC_WARN_UNUSED_FUNCTION = YES;
				GCC_WARN_UNUSED_VARIABLE = YES;
				IPHONEOS_DEPLOYMENT_TARGET = 11.2;
				MTL_ENABLE_DEBUG_INFO = NO;
				SDKROOT = iphoneos;
				VALIDATE_PRODUCT = YES;
			};
			name = Release;
		};
		A5397DA620038A9F00C5993D /* Debug */ = {
			isa = XCBuildConfiguration;
			baseConfigurationReference = FD43CA5E322D33B3D2E2BE21 /* Pods-RotationDemo.debug.xcconfig */;
			buildSettings = {
				ASSETCATALOG_COMPILER_APPICON_NAME = AppIcon;
				CODE_SIGN_STYLE = Automatic;
				DEVELOPMENT_TEAM = V842XQF487;
				GCC_INCREASE_PRECOMPILED_HEADER_SHARING = NO;
				GCC_PREFIX_HEADER = RotationDemo/PrefixHeader.pch;
				INFOPLIST_FILE = RotationDemo/Info.plist;
				LD_RUNPATH_SEARCH_PATHS = "$(inherited) @executable_path/Frameworks";
				PRODUCT_BUNDLE_IDENTIFIER = cn.zesming.RotationDemo;
				PRODUCT_NAME = "$(TARGET_NAME)";
				TARGETED_DEVICE_FAMILY = "1,2";
			};
			name = Debug;
		};
		A5397DA720038A9F00C5993D /* Release */ = {
			isa = XCBuildConfiguration;
			baseConfigurationReference = E018D6BA253DDFE29FD57E64 /* Pods-RotationDemo.release.xcconfig */;
			buildSettings = {
				ASSETCATALOG_COMPILER_APPICON_NAME = AppIcon;
				CODE_SIGN_STYLE = Automatic;
				DEVELOPMENT_TEAM = V842XQF487;
				GCC_INCREASE_PRECOMPILED_HEADER_SHARING = NO;
				GCC_PREFIX_HEADER = RotationDemo/PrefixHeader.pch;
				INFOPLIST_FILE = RotationDemo/Info.plist;
				LD_RUNPATH_SEARCH_PATHS = "$(inherited) @executable_path/Frameworks";
				PRODUCT_BUNDLE_IDENTIFIER = cn.zesming.RotationDemo;
				PRODUCT_NAME = "$(TARGET_NAME)";
				TARGETED_DEVICE_FAMILY = "1,2";
			};
			name = Release;
		};
/* End XCBuildConfiguration section */

/* Begin XCConfigurationList section */
		A5397D8A20038A9F00C5993D /* Build configuration list for PBXProject "RotationDemo" */ = {
			isa = XCConfigurationList;
			buildConfigurations = (
				A5397DA320038A9F00C5993D /* Debug */,
				A5397DA420038A9F00C5993D /* Release */,
			);
			defaultConfigurationIsVisible = 0;
			defaultConfigurationName = Release;
		};
		A5397DA520038A9F00C5993D /* Build configuration list for PBXNativeTarget "RotationDemo" */ = {
			isa = XCConfigurationList;
			buildConfigurations = (
				A5397DA620038A9F00C5993D /* Debug */,
				A5397DA720038A9F00C5993D /* Release */,
			);
			defaultConfigurationIsVisible = 0;
			defaultConfigurationName = Release;
		};
/* End XCConfigurationList section */
	};
	rootObject = A5397D8720038A9F00C5993D /* Project object */;
}
